
Microsoft Visual Studio Solution File, Format Version 12.00
# Visual Studio Version 17
VisualStudioVersion = 17.11.35312.102
MinimumVisualStudioVersion = 10.0.40219.1
Project("{9A19103F-16F7-4668-BE54-9A1E7A4F7556}") = "Lv1_가장큰수", "Lv1\Lv1_가장큰수\Lv1_가장큰수.csproj", "{25363B8D-69F1-49A4-9545-9FDAC36DC9D2}"
EndProject
Project("{9A19103F-16F7-4668-BE54-9A1E7A4F7556}") = "_Shared", "_Shared\_Shared.csproj", "{F4BBA88A-5985-49D0-B040-2130268B43AF}"
EndProject
Project("{9A19103F-16F7-4668-BE54-9A1E7A4F7556}") = "Lv1_나머지가1이되는수찾기", "Lv1\Lv1_나머지가1이되는수찾기\Lv1_나머지가1이되는수찾기.csproj", "{485E2B32-4672-41F6-80D2-1B798CDBEB89}"
EndProject
Project("{9A19103F-16F7-4668-BE54-9A1E7A4F7556}") = "Lv1_나누어떨어지는숫자배열", "Lv1\Lv1_나누어떨어지는숫자배열\Lv1_나누어떨어지는숫자배열.csproj", "{42377519-F2D5-473C-BD7F-0BCF2F221BE8}"
EndProject
Project("{9A19103F-16F7-4668-BE54-9A1E7A4F7556}") = "Lv1_두개뽑아서더하기", "Lv1\Lv1_두개뽑아서더하기\Lv1_두개뽑아서더하기.csproj", "{26C3B54C-DFA8-4EEE-ADC2-73FD47246EE5}"
EndProject
Project("{9A19103F-16F7-4668-BE54-9A1E7A4F7556}") = "Lv1_로또의최고순위와최저순위", "Lv1\Lv1_로또의최고순위와최저순위\Lv1_로또의최고순위와최저순위.csproj", "{7D1F8872-7F9E-4938-95B3-975706AB987E}"
EndProject
Project("{9A19103F-16F7-4668-BE54-9A1E7A4F7556}") = "Lv1_부족한금액계산하기", "Lv1\Lv1_부족한금액계산하기\Lv1_부족한금액계산하기.csproj", "{DFBB1723-BB45-41C4-B37E-7BC8BE9CD3AC}"
EndProject
Project("{9A19103F-16F7-4668-BE54-9A1E7A4F7556}") = "Lv1_소수만들기", "Lv1\Lv1_소수만들기\Lv1_소수만들기.csproj", "{8B989EBA-FDB1-4E6A-81C7-FEC8D7B9A150}"
EndProject
Project("{9A19103F-16F7-4668-BE54-9A1E7A4F7556}") = "Lv1_소수찾기", "Lv1\Lv1_소수찾기\Lv1_소수찾기.csproj", "{DDAF6681-90A9-4A48-9A9A-C0A125CC4D90}"
EndProject
Project("{9A19103F-16F7-4668-BE54-9A1E7A4F7556}") = "Lv1_없는숫자더하기", "Lv1\Lv1_없는숫자더하기\Lv1_없는숫자더하기.csproj", "{0EE76C16-EF9A-496F-9529-23C6F751C198}"
EndProject
Project("{9A19103F-16F7-4668-BE54-9A1E7A4F7556}") = "Lv1_음양더하기", "Lv1\Lv1_음양더하기\Lv1_음양더하기.csproj", "{EC2934A0-9C59-4FE6-8AEA-84FA9F8CF169}"
EndProject
Project("{9A19103F-16F7-4668-BE54-9A1E7A4F7556}") = "Lv1_콜라츠추측", "Lv1\Lv1_콜라츠추측\Lv1_콜라츠추측.csproj", "{8F18E98F-E4E6-4D56-8367-1AB7C625D0B6}"
EndProject
Project("{2150E333-8FDC-42A3-9474-1A3956D46DE8}") = "Lv1", "Lv1", "{780BD82C-08E7-4ACC-8800-8C828D0EE111}"
EndProject
Project("{9A19103F-16F7-4668-BE54-9A1E7A4F7556}") = "Lv2_소수찾기", "Lv2\Lv2_소수찾기\Lv2_소수찾기.csproj", "{070A797A-5512-43D6-BAFB-BC564FA76835}"
EndProject
Project("{2150E333-8FDC-42A3-9474-1A3956D46DE8}") = "Lv2", "Lv2", "{917DF264-9F7E-4664-BD18-F46256F5C473}"
EndProject
Project("{9A19103F-16F7-4668-BE54-9A1E7A4F7556}") = "Lv2_삼각달팽이", "Lv2\Lv2_삼각달팽이\Lv2_삼각달팽이.csproj", "{3BDEE8B7-A8B5-4AA1-9380-2F20325E7EC0}"
EndProject
Project("{9A19103F-16F7-4668-BE54-9A1E7A4F7556}") = "Lv2_이진변환반복하기", "Lv2\Lv2_이진변환반복하기\Lv2_이진변환반복하기.csproj", "{ABB91B64-A357-4924-8722-642A934F4CE9}"
EndProject
Project("{9A19103F-16F7-4668-BE54-9A1E7A4F7556}") = "Lv2_퍼즐게임챌린지", "Lv2\Lv2_퍼즐게임챌린지\Lv2_퍼즐게임챌린지.csproj", "{3046113A-98F2-4752-96AB-6F93127DADE8}"
EndProject
Global
	GlobalSection(SolutionConfigurationPlatforms) = preSolution
		Debug|Any CPU = Debug|Any CPU
		Release|Any CPU = Release|Any CPU
	EndGlobalSection
	GlobalSection(ProjectConfigurationPlatforms) = postSolution
		{25363B8D-69F1-49A4-9545-9FDAC36DC9D2}.Debug|Any CPU.ActiveCfg = Debug|Any CPU
		{25363B8D-69F1-49A4-9545-9FDAC36DC9D2}.Debug|Any CPU.Build.0 = Debug|Any CPU
		{25363B8D-69F1-49A4-9545-9FDAC36DC9D2}.Release|Any CPU.ActiveCfg = Release|Any CPU
		{25363B8D-69F1-49A4-9545-9FDAC36DC9D2}.Release|Any CPU.Build.0 = Release|Any CPU
		{F4BBA88A-5985-49D0-B040-2130268B43AF}.Debug|Any CPU.ActiveCfg = Debug|Any CPU
		{F4BBA88A-5985-49D0-B040-2130268B43AF}.Debug|Any CPU.Build.0 = Debug|Any CPU
		{F4BBA88A-5985-49D0-B040-2130268B43AF}.Release|Any CPU.ActiveCfg = Release|Any CPU
		{F4BBA88A-5985-49D0-B040-2130268B43AF}.Release|Any CPU.Build.0 = Release|Any CPU
		{485E2B32-4672-41F6-80D2-1B798CDBEB89}.Debug|Any CPU.ActiveCfg = Debug|Any CPU
		{485E2B32-4672-41F6-80D2-1B798CDBEB89}.Debug|Any CPU.Build.0 = Debug|Any CPU
		{485E2B32-4672-41F6-80D2-1B798CDBEB89}.Release|Any CPU.ActiveCfg = Release|Any CPU
		{485E2B32-4672-41F6-80D2-1B798CDBEB89}.Release|Any CPU.Build.0 = Release|Any CPU
		{42377519-F2D5-473C-BD7F-0BCF2F221BE8}.Debug|Any CPU.ActiveCfg = Debug|Any CPU
		{42377519-F2D5-473C-BD7F-0BCF2F221BE8}.Debug|Any CPU.Build.0 = Debug|Any CPU
		{42377519-F2D5-473C-BD7F-0BCF2F221BE8}.Release|Any CPU.ActiveCfg = Release|Any CPU
		{42377519-F2D5-473C-BD7F-0BCF2F221BE8}.Release|Any CPU.Build.0 = Release|Any CPU
		{26C3B54C-DFA8-4EEE-ADC2-73FD47246EE5}.Debug|Any CPU.ActiveCfg = Debug|Any CPU
		{26C3B54C-DFA8-4EEE-ADC2-73FD47246EE5}.Debug|Any CPU.Build.0 = Debug|Any CPU
		{26C3B54C-DFA8-4EEE-ADC2-73FD47246EE5}.Release|Any CPU.ActiveCfg = Release|Any CPU
		{26C3B54C-DFA8-4EEE-ADC2-73FD47246EE5}.Release|Any CPU.Build.0 = Release|Any CPU
		{7D1F8872-7F9E-4938-95B3-975706AB987E}.Debug|Any CPU.ActiveCfg = Debug|Any CPU
		{7D1F8872-7F9E-4938-95B3-975706AB987E}.Debug|Any CPU.Build.0 = Debug|Any CPU
		{7D1F8872-7F9E-4938-95B3-975706AB987E}.Release|Any CPU.ActiveCfg = Release|Any CPU
		{7D1F8872-7F9E-4938-95B3-975706AB987E}.Release|Any CPU.Build.0 = Release|Any CPU
		{DFBB1723-BB45-41C4-B37E-7BC8BE9CD3AC}.Debug|Any CPU.ActiveCfg = Debug|Any CPU
		{DFBB1723-BB45-41C4-B37E-7BC8BE9CD3AC}.Debug|Any CPU.Build.0 = Debug|Any CPU
		{DFBB1723-BB45-41C4-B37E-7BC8BE9CD3AC}.Release|Any CPU.ActiveCfg = Release|Any CPU
		{DFBB1723-BB45-41C4-B37E-7BC8BE9CD3AC}.Release|Any CPU.Build.0 = Release|Any CPU
		{8B989EBA-FDB1-4E6A-81C7-FEC8D7B9A150}.Debug|Any CPU.ActiveCfg = Debug|Any CPU
		{8B989EBA-FDB1-4E6A-81C7-FEC8D7B9A150}.Debug|Any CPU.Build.0 = Debug|Any CPU
		{8B989EBA-FDB1-4E6A-81C7-FEC8D7B9A150}.Release|Any CPU.ActiveCfg = Release|Any CPU
		{8B989EBA-FDB1-4E6A-81C7-FEC8D7B9A150}.Release|Any CPU.Build.0 = Release|Any CPU
		{DDAF6681-90A9-4A48-9A9A-C0A125CC4D90}.Debug|Any CPU.ActiveCfg = Debug|Any CPU
		{DDAF6681-90A9-4A48-9A9A-C0A125CC4D90}.Debug|Any CPU.Build.0 = Debug|Any CPU
		{DDAF6681-90A9-4A48-9A9A-C0A125CC4D90}.Release|Any CPU.ActiveCfg = Release|Any CPU
		{DDAF6681-90A9-4A48-9A9A-C0A125CC4D90}.Release|Any CPU.Build.0 = Release|Any CPU
		{0EE76C16-EF9A-496F-9529-23C6F751C198}.Debug|Any CPU.ActiveCfg = Debug|Any CPU
		{0EE76C16-EF9A-496F-9529-23C6F751C198}.Debug|Any CPU.Build.0 = Debug|Any CPU
		{0EE76C16-EF9A-496F-9529-23C6F751C198}.Release|Any CPU.ActiveCfg = Release|Any CPU
		{0EE76C16-EF9A-496F-9529-23C6F751C198}.Release|Any CPU.Build.0 = Release|Any CPU
		{EC2934A0-9C59-4FE6-8AEA-84FA9F8CF169}.Debug|Any CPU.ActiveCfg = Debug|Any CPU
		{EC2934A0-9C59-4FE6-8AEA-84FA9F8CF169}.Debug|Any CPU.Build.0 = Debug|Any CPU
		{EC2934A0-9C59-4FE6-8AEA-84FA9F8CF169}.Release|Any CPU.ActiveCfg = Release|Any CPU
		{EC2934A0-9C59-4FE6-8AEA-84FA9F8CF169}.Release|Any CPU.Build.0 = Release|Any CPU
		{8F18E98F-E4E6-4D56-8367-1AB7C625D0B6}.Debug|Any CPU.ActiveCfg = Debug|Any CPU
		{8F18E98F-E4E6-4D56-8367-1AB7C625D0B6}.Debug|Any CPU.Build.0 = Debug|Any CPU
		{8F18E98F-E4E6-4D56-8367-1AB7C625D0B6}.Release|Any CPU.ActiveCfg = Release|Any CPU
		{8F18E98F-E4E6-4D56-8367-1AB7C625D0B6}.Release|Any CPU.Build.0 = Release|Any CPU
		{070A797A-5512-43D6-BAFB-BC564FA76835}.Debug|Any CPU.ActiveCfg = Debug|Any CPU
		{070A797A-5512-43D6-BAFB-BC564FA76835}.Debug|Any CPU.Build.0 = Debug|Any CPU
		{070A797A-5512-43D6-BAFB-BC564FA76835}.Release|Any CPU.ActiveCfg = Release|Any CPU
		{070A797A-5512-43D6-BAFB-BC564FA76835}.Release|Any CPU.Build.0 = Release|Any CPU
		{3BDEE8B7-A8B5-4AA1-9380-2F20325E7EC0}.Debug|Any CPU.ActiveCfg = Debug|Any CPU
		{3BDEE8B7-A8B5-4AA1-9380-2F20325E7EC0}.Debug|Any CPU.Build.0 = Debug|Any CPU
		{3BDEE8B7-A8B5-4AA1-9380-2F20325E7EC0}.Release|Any CPU.ActiveCfg = Release|Any CPU
		{3BDEE8B7-A8B5-4AA1-9380-2F20325E7EC0}.Release|Any CPU.Build.0 = Release|Any CPU
		{ABB91B64-A357-4924-8722-642A934F4CE9}.Debug|Any CPU.ActiveCfg = Debug|Any CPU
		{ABB91B64-A357-4924-8722-642A934F4CE9}.Debug|Any CPU.Build.0 = Debug|Any CPU
		{ABB91B64-A357-4924-8722-642A934F4CE9}.Release|Any CPU.ActiveCfg = Release|Any CPU
		{ABB91B64-A357-4924-8722-642A934F4CE9}.Release|Any CPU.Build.0 = Release|Any CPU
		{3046113A-98F2-4752-96AB-6F93127DADE8}.Debug|Any CPU.ActiveCfg = Debug|Any CPU
		{3046113A-98F2-4752-96AB-6F93127DADE8}.Debug|Any CPU.Build.0 = Debug|Any CPU
		{3046113A-98F2-4752-96AB-6F93127DADE8}.Release|Any CPU.ActiveCfg = Release|Any CPU
		{3046113A-98F2-4752-96AB-6F93127DADE8}.Release|Any CPU.Build.0 = Release|Any CPU
	EndGlobalSection
	GlobalSection(SolutionProperties) = preSolution
		HideSolutionNode = FALSE
	EndGlobalSection
	GlobalSection(NestedProjects) = preSolution
		{25363B8D-69F1-49A4-9545-9FDAC36DC9D2} = {780BD82C-08E7-4ACC-8800-8C828D0EE111}
		{485E2B32-4672-41F6-80D2-1B798CDBEB89} = {780BD82C-08E7-4ACC-8800-8C828D0EE111}
		{42377519-F2D5-473C-BD7F-0BCF2F221BE8} = {780BD82C-08E7-4ACC-8800-8C828D0EE111}
		{26C3B54C-DFA8-4EEE-ADC2-73FD47246EE5} = {780BD82C-08E7-4ACC-8800-8C828D0EE111}
		{7D1F8872-7F9E-4938-95B3-975706AB987E} = {780BD82C-08E7-4ACC-8800-8C828D0EE111}
		{DFBB1723-BB45-41C4-B37E-7BC8BE9CD3AC} = {780BD82C-08E7-4ACC-8800-8C828D0EE111}
		{8B989EBA-FDB1-4E6A-81C7-FEC8D7B9A150} = {780BD82C-08E7-4ACC-8800-8C828D0EE111}
		{DDAF6681-90A9-4A48-9A9A-C0A125CC4D90} = {780BD82C-08E7-4ACC-8800-8C828D0EE111}
		{0EE76C16-EF9A-496F-9529-23C6F751C198} = {780BD82C-08E7-4ACC-8800-8C828D0EE111}
		{EC2934A0-9C59-4FE6-8AEA-84FA9F8CF169} = {780BD82C-08E7-4ACC-8800-8C828D0EE111}
		{8F18E98F-E4E6-4D56-8367-1AB7C625D0B6} = {780BD82C-08E7-4ACC-8800-8C828D0EE111}
		{070A797A-5512-43D6-BAFB-BC564FA76835} = {917DF264-9F7E-4664-BD18-F46256F5C473}
		{3BDEE8B7-A8B5-4AA1-9380-2F20325E7EC0} = {917DF264-9F7E-4664-BD18-F46256F5C473}
		{ABB91B64-A357-4924-8722-642A934F4CE9} = {917DF264-9F7E-4664-BD18-F46256F5C473}
		{3046113A-98F2-4752-96AB-6F93127DADE8} = {917DF264-9F7E-4664-BD18-F46256F5C473}
	EndGlobalSection
	GlobalSection(ExtensibilityGlobals) = postSolution
		SolutionGuid = {90692144-1355-4F79-BB01-36EB7EC71630}
	EndGlobalSection
EndGlobal
